
Microsoft Visual Studio Solution File, Format Version 12.00
# Visual Studio Version 17
VisualStudioVersion = 17.11.35222.181
MinimumVisualStudioVersion = 10.0.40219.1
Project("{FAE04EC0-301F-11D3-BF4B-00C04F79EFBC}") = "podwajanie i rzutowanie", "podwajanie i rzutowanie.csproj", "{FDA1BA84-8B75-46B8-9FFE-15A2E2686FD2}"
EndProject
Global
	GlobalSection(SolutionConfigurationPlatforms) = preSolution
		Debug|Any CPU = Debug|Any CPU
		Release|Any CPU = Release|Any CPU
	EndGlobalSection
	GlobalSection(ProjectConfigurationPlatforms) = postSolution
		{FDA1BA84-8B75-46B8-9FFE-15A2E2686FD2}.Debug|Any CPU.ActiveCfg = Debug|Any CPU
		{FDA1BA84-8B75-46B8-9FFE-15A2E2686FD2}.Debug|Any CPU.Build.0 = Debug|Any CPU
		{FDA1BA84-8B75-46B8-9FFE-15A2E2686FD2}.Release|Any CPU.ActiveCfg = Release|Any CPU
		{FDA1BA84-8B75-46B8-9FFE-15A2E2686FD2}.Release|Any CPU.Build.0 = Release|Any CPU
	EndGlobalSection
	GlobalSection(SolutionProperties) = preSolution
		HideSolutionNode = FALSE
	EndGlobalSection
	GlobalSection(ExtensibilityGlobals) = postSolution
		SolutionGuid = {D93F39C4-E57C-4112-BB48-2B08CEA44242}
	EndGlobalSection
EndGlobal
