
Microsoft Visual Studio Solution File, Format Version 12.00
# Visual Studio Version 17
VisualStudioVersion = 17.11.35222.181
MinimumVisualStudioVersion = 10.0.40219.1
Project("{FAE04EC0-301F-11D3-BF4B-00C04F79EFBC}") = "wyszukanie okreslonego elementu na liscie", "wyszukanie okreslonego elementu na liscie.csproj", "{D2EDABB8-DB76-4145-8227-DA846B4A5384}"
EndProject
Global
	GlobalSection(SolutionConfigurationPlatforms) = preSolution
		Debug|Any CPU = Debug|Any CPU
		Release|Any CPU = Release|Any CPU
	EndGlobalSection
	GlobalSection(ProjectConfigurationPlatforms) = postSolution
		{D2EDABB8-DB76-4145-8227-DA846B4A5384}.Debug|Any CPU.ActiveCfg = Debug|Any CPU
		{D2EDABB8-DB76-4145-8227-DA846B4A5384}.Debug|Any CPU.Build.0 = Debug|Any CPU
		{D2EDABB8-DB76-4145-8227-DA846B4A5384}.Release|Any CPU.ActiveCfg = Release|Any CPU
		{D2EDABB8-DB76-4145-8227-DA846B4A5384}.Release|Any CPU.Build.0 = Release|Any CPU
	EndGlobalSection
	GlobalSection(SolutionProperties) = preSolution
		HideSolutionNode = FALSE
	EndGlobalSection
	GlobalSection(ExtensibilityGlobals) = postSolution
		SolutionGuid = {4F379220-F356-4E2E-947E-199010326660}
	EndGlobalSection
EndGlobal
